// !$*UTF8*$!
{
	archiveVersion = 1;
	classes = {
	};
	objectVersion = 56;
	objects = {

/* Begin PBXBuildFile section */
		06005BB32996AB6C00FAE9A3 /* ReturnCollectionViewCell.swift in Sources */ = {isa = PBXBuildFile; fileRef = 06005BB22996AB6C00FAE9A3 /* ReturnCollectionViewCell.swift */; };
		061693C72993CF7000974DA9 /* AppDelegate.swift in Sources */ = {isa = PBXBuildFile; fileRef = 061693C62993CF7000974DA9 /* AppDelegate.swift */; };
		061693C92993CF7000974DA9 /* SceneDelegate.swift in Sources */ = {isa = PBXBuildFile; fileRef = 061693C82993CF7000974DA9 /* SceneDelegate.swift */; };
		061693CB2993CF7000974DA9 /* ViewController.swift in Sources */ = {isa = PBXBuildFile; fileRef = 061693CA2993CF7000974DA9 /* ViewController.swift */; };
		061693D02993CF7200974DA9 /* Assets.xcassets in Resources */ = {isa = PBXBuildFile; fileRef = 061693CF2993CF7200974DA9 /* Assets.xcassets */; };
		061693D32993CF7200974DA9 /* LaunchScreen.storyboard in Resources */ = {isa = PBXBuildFile; fileRef = 061693D12993CF7200974DA9 /* LaunchScreen.storyboard */; };
		061693DB2993D20C00974DA9 /* CanvasView.swift in Sources */ = {isa = PBXBuildFile; fileRef = 061693DA2993D20C00974DA9 /* CanvasView.swift */; };
		065A46C329AF139600ABE571 /* CanvasViewState.swift in Sources */ = {isa = PBXBuildFile; fileRef = 065A46C229AF139600ABE571 /* CanvasViewState.swift */; };
		06A1B61129961CBF00FA399E /* ToolsCollectionViewCell.swift in Sources */ = {isa = PBXBuildFile; fileRef = 06A1B61029961CBF00FA399E /* ToolsCollectionViewCell.swift */; };
		06A1B6132996585C00FA399E /* ColorCollectionViewCell.swift in Sources */ = {isa = PBXBuildFile; fileRef = 06A1B6122996585C00FA399E /* ColorCollectionViewCell.swift */; };
		06A1B616299669A000FA399E /* FillCollectionViewCell.swift in Sources */ = {isa = PBXBuildFile; fileRef = 06A1B615299669A000FA399E /* FillCollectionViewCell.swift */; };
		06B2520C29AF6859005BF2B3 /* CanvasViewCaretaker.swift in Sources */ = {isa = PBXBuildFile; fileRef = 06B2520B29AF6859005BF2B3 /* CanvasViewCaretaker.swift */; };
		06C0A3792997B68800A7EA59 /* Shape.swift in Sources */ = {isa = PBXBuildFile; fileRef = 06C0A3782997B68800A7EA59 /* Shape.swift */; };
/* End PBXBuildFile section */

/* Begin PBXFileReference section */
		06005BB22996AB6C00FAE9A3 /* ReturnCollectionViewCell.swift */ = {isa = PBXFileReference; lastKnownFileType = sourcecode.swift; path = ReturnCollectionViewCell.swift; sourceTree = "<group>"; };
		061693C32993CF7000974DA9 /* DrawingApp.app */ = {isa = PBXFileReference; explicitFileType = wrapper.application; includeInIndex = 0; path = DrawingApp.app; sourceTree = BUILT_PRODUCTS_DIR; };
		061693C62993CF7000974DA9 /* AppDelegate.swift */ = {isa = PBXFileReference; lastKnownFileType = sourcecode.swift; path = AppDelegate.swift; sourceTree = "<group>"; };
		061693C82993CF7000974DA9 /* SceneDelegate.swift */ = {isa = PBXFileReference; lastKnownFileType = sourcecode.swift; path = SceneDelegate.swift; sourceTree = "<group>"; };
		061693CA2993CF7000974DA9 /* ViewController.swift */ = {isa = PBXFileReference; lastKnownFileType = sourcecode.swift; path = ViewController.swift; sourceTree = "<group>"; };
		061693CF2993CF7200974DA9 /* Assets.xcassets */ = {isa = PBXFileReference; lastKnownFileType = folder.assetcatalog; path = Assets.xcassets; sourceTree = "<group>"; };
		061693D22993CF7200974DA9 /* Base */ = {isa = PBXFileReference; lastKnownFileType = file.storyboard; name = Base; path = Base.lproj/LaunchScreen.storyboard; sourceTree = "<group>"; };
		061693D42993CF7200974DA9 /* Info.plist */ = {isa = PBXFileReference; lastKnownFileType = text.plist.xml; path = Info.plist; sourceTree = "<group>"; };
		061693DA2993D20C00974DA9 /* CanvasView.swift */ = {isa = PBXFileReference; lastKnownFileType = sourcecode.swift; path = CanvasView.swift; sourceTree = "<group>"; };
		065A46C229AF139600ABE571 /* CanvasViewState.swift */ = {isa = PBXFileReference; lastKnownFileType = sourcecode.swift; path = CanvasViewState.swift; sourceTree = "<group>"; };
		06A1B61029961CBF00FA399E /* ToolsCollectionViewCell.swift */ = {isa = PBXFileReference; lastKnownFileType = sourcecode.swift; path = ToolsCollectionViewCell.swift; sourceTree = "<group>"; };
		06A1B6122996585C00FA399E /* ColorCollectionViewCell.swift */ = {isa = PBXFileReference; lastKnownFileType = sourcecode.swift; path = ColorCollectionViewCell.swift; sourceTree = "<group>"; };
		06A1B615299669A000FA399E /* FillCollectionViewCell.swift */ = {isa = PBXFileReference; lastKnownFileType = sourcecode.swift; path = FillCollectionViewCell.swift; sourceTree = "<group>"; };
		06B2520B29AF6859005BF2B3 /* CanvasViewCaretaker.swift */ = {isa = PBXFileReference; lastKnownFileType = sourcecode.swift; path = CanvasViewCaretaker.swift; sourceTree = "<group>"; };
		06C0A3782997B68800A7EA59 /* Shape.swift */ = {isa = PBXFileReference; lastKnownFileType = sourcecode.swift; path = Shape.swift; sourceTree = "<group>"; };
/* End PBXFileReference section */

/* Begin PBXFrameworksBuildPhase section */
		061693C02993CF7000974DA9 /* Frameworks */ = {
			isa = PBXFrameworksBuildPhase;
			buildActionMask = 2147483647;
			files = (
			);
			runOnlyForDeploymentPostprocessing = 0;
		};
/* End PBXFrameworksBuildPhase section */

/* Begin PBXGroup section */
		061693BA2993CF7000974DA9 = {
			isa = PBXGroup;
			children = (
				061693C52993CF7000974DA9 /* DrawingApp */,
				061693C42993CF7000974DA9 /* Products */,
			);
			sourceTree = "<group>";
		};
		061693C42993CF7000974DA9 /* Products */ = {
			isa = PBXGroup;
			children = (
				061693C32993CF7000974DA9 /* DrawingApp.app */,
			);
			name = Products;
			sourceTree = "<group>";
		};
		061693C52993CF7000974DA9 /* DrawingApp */ = {
			isa = PBXGroup;
			children = (
				066230602994C67D00893F29 /* Application */,
				066230612994C68700893F29 /* SupportingFiles */,
				061693CA2993CF7000974DA9 /* ViewController.swift */,
				06A1B6142996586400FA399E /* Views */,
				06C0A37A2997B6B000A7EA59 /* Models */,
			);
			path = DrawingApp;
			sourceTree = "<group>";
		};
		066230602994C67D00893F29 /* Application */ = {
			isa = PBXGroup;
			children = (
				061693C62993CF7000974DA9 /* AppDelegate.swift */,
				061693C82993CF7000974DA9 /* SceneDelegate.swift */,
			);
			path = Application;
			sourceTree = "<group>";
		};
		066230612994C68700893F29 /* SupportingFiles */ = {
			isa = PBXGroup;
			children = (
				061693D42993CF7200974DA9 /* Info.plist */,
				061693CF2993CF7200974DA9 /* Assets.xcassets */,
				061693D12993CF7200974DA9 /* LaunchScreen.storyboard */,
			);
			path = SupportingFiles;
			sourceTree = "<group>";
		};
		06A1B6142996586400FA399E /* Views */ = {
			isa = PBXGroup;
			children = (
				061693DA2993D20C00974DA9 /* CanvasView.swift */,
				06C0A37B2997B6C800A7EA59 /* CollectionViewCells */,
			);
			path = Views;
			sourceTree = "<group>";
		};
		06C0A37A2997B6B000A7EA59 /* Models */ = {
			isa = PBXGroup;
			children = (
				06C0A3782997B68800A7EA59 /* Shape.swift */,
				065A46C229AF139600ABE571 /* CanvasViewState.swift */,
				06B2520B29AF6859005BF2B3 /* CanvasViewCaretaker.swift */,
			);
			path = Models;
			sourceTree = "<group>";
		};
		06C0A37B2997B6C800A7EA59 /* CollectionViewCells */ = {
			isa = PBXGroup;
			children = (
				06A1B61029961CBF00FA399E /* ToolsCollectionViewCell.swift */,
				06A1B6122996585C00FA399E /* ColorCollectionViewCell.swift */,
				06A1B615299669A000FA399E /* FillCollectionViewCell.swift */,
				06005BB22996AB6C00FAE9A3 /* ReturnCollectionViewCell.swift */,
			);
			path = CollectionViewCells;
			sourceTree = "<group>";
		};
/* End PBXGroup section */

/* Begin PBXNativeTarget section */
		061693C22993CF7000974DA9 /* DrawingApp */ = {
			isa = PBXNativeTarget;
			buildConfigurationList = 061693D72993CF7200974DA9 /* Build configuration list for PBXNativeTarget "DrawingApp" */;
			buildPhases = (
				061693BF2993CF7000974DA9 /* Sources */,
				061693C02993CF7000974DA9 /* Frameworks */,
				061693C12993CF7000974DA9 /* Resources */,
			);
			buildRules = (
			);
			dependencies = (
			);
			name = DrawingApp;
			productName = DrawingApp;
			productReference = 061693C32993CF7000974DA9 /* DrawingApp.app */;
			productType = "com.apple.product-type.application";
		};
/* End PBXNativeTarget section */

/* Begin PBXProject section */
		061693BB2993CF7000974DA9 /* Project object */ = {
			isa = PBXProject;
			attributes = {
				BuildIndependentTargetsInParallel = 1;
				LastSwiftUpdateCheck = 1420;
				LastUpgradeCheck = 1420;
				TargetAttributes = {
					061693C22993CF7000974DA9 = {
						CreatedOnToolsVersion = 14.2;
					};
				};
			};
			buildConfigurationList = 061693BE2993CF7000974DA9 /* Build configuration list for PBXProject "DrawingApp" */;
			compatibilityVersion = "Xcode 14.0";
			developmentRegion = en;
			hasScannedForEncodings = 0;
			knownRegions = (
				en,
				Base,
			);
			mainGroup = 061693BA2993CF7000974DA9;
			productRefGroup = 061693C42993CF7000974DA9 /* Products */;
			projectDirPath = "";
			projectRoot = "";
			targets = (
				061693C22993CF7000974DA9 /* DrawingApp */,
			);
		};
/* End PBXProject section */

/* Begin PBXResourcesBuildPhase section */
		061693C12993CF7000974DA9 /* Resources */ = {
			isa = PBXResourcesBuildPhase;
			buildActionMask = 2147483647;
			files = (
				061693D32993CF7200974DA9 /* LaunchScreen.storyboard in Resources */,
				061693D02993CF7200974DA9 /* Assets.xcassets in Resources */,
			);
			runOnlyForDeploymentPostprocessing = 0;
		};
/* End PBXResourcesBuildPhase section */

/* Begin PBXSourcesBuildPhase section */
		061693BF2993CF7000974DA9 /* Sources */ = {
			isa = PBXSourcesBuildPhase;
			buildActionMask = 2147483647;
			files = (
				06005BB32996AB6C00FAE9A3 /* ReturnCollectionViewCell.swift in Sources */,
				06A1B616299669A000FA399E /* FillCollectionViewCell.swift in Sources */,
				06B2520C29AF6859005BF2B3 /* CanvasViewCaretaker.swift in Sources */,
				065A46C329AF139600ABE571 /* CanvasViewState.swift in Sources */,
				06A1B6132996585C00FA399E /* ColorCollectionViewCell.swift in Sources */,
				061693CB2993CF7000974DA9 /* ViewController.swift in Sources */,
				06C0A3792997B68800A7EA59 /* Shape.swift in Sources */,
				061693C72993CF7000974DA9 /* AppDelegate.swift in Sources */,
				06A1B61129961CBF00FA399E /* ToolsCollectionViewCell.swift in Sources */,
				061693DB2993D20C00974DA9 /* CanvasView.swift in Sources */,
				061693C92993CF7000974DA9 /* SceneDelegate.swift in Sources */,
			);
			runOnlyForDeploymentPostprocessing = 0;
		};
/* End PBXSourcesBuildPhase section */

/* Begin PBXVariantGroup section */
		061693D12993CF7200974DA9 /* LaunchScreen.storyboard */ = {
			isa = PBXVariantGroup;
			children = (
				061693D22993CF7200974DA9 /* Base */,
			);
			name = LaunchScreen.storyboard;
			sourceTree = "<group>";
		};
/* End PBXVariantGroup section */

/* Begin XCBuildConfiguration section */
		061693D52993CF7200974DA9 /* Debug */ = {
			isa = XCBuildConfiguration;
			buildSettings = {
				ALWAYS_SEARCH_USER_PATHS = NO;
				CLANG_ANALYZER_NONNULL = YES;
				CLANG_ANALYZER_NUMBER_OBJECT_CONVERSION = YES_AGGRESSIVE;
				CLANG_CXX_LANGUAGE_STANDARD = "gnu++20";
				CLANG_ENABLE_MODULES = YES;
				CLANG_ENABLE_OBJC_ARC = YES;
				CLANG_ENABLE_OBJC_WEAK = YES;
				CLANG_WARN_BLOCK_CAPTURE_AUTORELEASING = YES;
				CLANG_WARN_BOOL_CONVERSION = YES;
				CLANG_WARN_COMMA = YES;
				CLANG_WARN_CONSTANT_CONVERSION = YES;
				CLANG_WARN_DEPRECATED_OBJC_IMPLEMENTATIONS = YES;
				CLANG_WARN_DIRECT_OBJC_ISA_USAGE = YES_ERROR;
				CLANG_WARN_DOCUMENTATION_COMMENTS = YES;
				CLANG_WARN_EMPTY_BODY = YES;
				CLANG_WARN_ENUM_CONVERSION = YES;
				CLANG_WARN_INFINITE_RECURSION = YES;
				CLANG_WARN_INT_CONVERSION = YES;
				CLANG_WARN_NON_LITERAL_NULL_CONVERSION = YES;
				CLANG_WARN_OBJC_IMPLICIT_RETAIN_SELF = YES;
				CLANG_WARN_OBJC_LITERAL_CONVERSION = YES;
				CLANG_WARN_OBJC_ROOT_CLASS = YES_ERROR;
				CLANG_WARN_QUOTED_INCLUDE_IN_FRAMEWORK_HEADER = YES;
				CLANG_WARN_RANGE_LOOP_ANALYSIS = YES;
				CLANG_WARN_STRICT_PROTOTYPES = YES;
				CLANG_WARN_SUSPICIOUS_MOVE = YES;
				CLANG_WARN_UNGUARDED_AVAILABILITY = YES_AGGRESSIVE;
				CLANG_WARN_UNREACHABLE_CODE = YES;
				CLANG_WARN__DUPLICATE_METHOD_MATCH = YES;
				COPY_PHASE_STRIP = NO;
				DEBUG_INFORMATION_FORMAT = dwarf;
				ENABLE_STRICT_OBJC_MSGSEND = YES;
				ENABLE_TESTABILITY = YES;
				GCC_C_LANGUAGE_STANDARD = gnu11;
				GCC_DYNAMIC_NO_PIC = NO;
				GCC_NO_COMMON_BLOCKS = YES;
				GCC_OPTIMIZATION_LEVEL = 0;
				GCC_PREPROCESSOR_DEFINITIONS = (
					"DEBUG=1",
					"$(inherited)",
				);
				GCC_WARN_64_TO_32_BIT_CONVERSION = YES;
				GCC_WARN_ABOUT_RETURN_TYPE = YES_ERROR;
				GCC_WARN_UNDECLARED_SELECTOR = YES;
				GCC_WARN_UNINITIALIZED_AUTOS = YES_AGGRESSIVE;
				GCC_WARN_UNUSED_FUNCTION = YES;
				GCC_WARN_UNUSED_VARIABLE = YES;
				IPHONEOS_DEPLOYMENT_TARGET = 16.2;
				MTL_ENABLE_DEBUG_INFO = INCLUDE_SOURCE;
				MTL_FAST_MATH = YES;
				ONLY_ACTIVE_ARCH = YES;
				SDKROOT = iphoneos;
				SWIFT_ACTIVE_COMPILATION_CONDITIONS = DEBUG;
				SWIFT_OPTIMIZATION_LEVEL = "-Onone";
			};
			name = Debug;
		};
		061693D62993CF7200974DA9 /* Release */ = {
			isa = XCBuildConfiguration;
			buildSettings = {
				ALWAYS_SEARCH_USER_PATHS = NO;
				CLANG_ANALYZER_NONNULL = YES;
				CLANG_ANALYZER_NUMBER_OBJECT_CONVERSION = YES_AGGRESSIVE;
				CLANG_CXX_LANGUAGE_STANDARD = "gnu++20";
				CLANG_ENABLE_MODULES = YES;
				CLANG_ENABLE_OBJC_ARC = YES;
				CLANG_ENABLE_OBJC_WEAK = YES;
				CLANG_WARN_BLOCK_CAPTURE_AUTORELEASING = YES;
				CLANG_WARN_BOOL_CONVERSION = YES;
				CLANG_WARN_COMMA = YES;
				CLANG_WARN_CONSTANT_CONVERSION = YES;
				CLANG_WARN_DEPRECATED_OBJC_IMPLEMENTATIONS = YES;
				CLANG_WARN_DIRECT_OBJC_ISA_USAGE = YES_ERROR;
				CLANG_WARN_DOCUMENTATION_COMMENTS = YES;
				CLANG_WARN_EMPTY_BODY = YES;
				CLANG_WARN_ENUM_CONVERSION = YES;
				CLANG_WARN_INFINITE_RECURSION = YES;
				CLANG_WARN_INT_CONVERSION = YES;
				CLANG_WARN_NON_LITERAL_NULL_CONVERSION = YES;
				CLANG_WARN_OBJC_IMPLICIT_RETAIN_SELF = YES;
				CLANG_WARN_OBJC_LITERAL_CONVERSION = YES;
				CLANG_WARN_OBJC_ROOT_CLASS = YES_ERROR;
				CLANG_WARN_QUOTED_INCLUDE_IN_FRAMEWORK_HEADER = YES;
				CLANG_WARN_RANGE_LOOP_ANALYSIS = YES;
				CLANG_WARN_STRICT_PROTOTYPES = YES;
				CLANG_WARN_SUSPICIOUS_MOVE = YES;
				CLANG_WARN_UNGUARDED_AVAILABILITY = YES_AGGRESSIVE;
				CLANG_WARN_UNREACHABLE_CODE = YES;
				CLANG_WARN__DUPLICATE_METHOD_MATCH = YES;
				COPY_PHASE_STRIP = NO;
				DEBUG_INFORMATION_FORMAT = "dwarf-with-dsym";
				ENABLE_NS_ASSERTIONS = NO;
				ENABLE_STRICT_OBJC_MSGSEND = YES;
				GCC_C_LANGUAGE_STANDARD = gnu11;
				GCC_NO_COMMON_BLOCKS = YES;
				GCC_WARN_64_TO_32_BIT_CONVERSION = YES;
				GCC_WARN_ABOUT_RETURN_TYPE = YES_ERROR;
				GCC_WARN_UNDECLARED_SELECTOR = YES;
				GCC_WARN_UNINITIALIZED_AUTOS = YES_AGGRESSIVE;
				GCC_WARN_UNUSED_FUNCTION = YES;
				GCC_WARN_UNUSED_VARIABLE = YES;
				IPHONEOS_DEPLOYMENT_TARGET = 16.2;
				MTL_ENABLE_DEBUG_INFO = NO;
				MTL_FAST_MATH = YES;
				SDKROOT = iphoneos;
				SWIFT_COMPILATION_MODE = wholemodule;
				SWIFT_OPTIMIZATION_LEVEL = "-O";
				VALIDATE_PRODUCT = YES;
			};
			name = Release;
		};
		061693D82993CF7200974DA9 /* Debug */ = {
			isa = XCBuildConfiguration;
			buildSettings = {
				ASSETCATALOG_COMPILER_APPICON_NAME = AppIcon;
				ASSETCATALOG_COMPILER_GLOBAL_ACCENT_COLOR_NAME = AccentColor;
				CODE_SIGN_STYLE = Automatic;
				CURRENT_PROJECT_VERSION = 1;
				DEVELOPMENT_TEAM = PD2C9D7H2A;
				GENERATE_INFOPLIST_FILE = YES;
				INFOPLIST_FILE = DrawingApp/SupportingFiles/Info.plist;
				INFOPLIST_KEY_UIApplicationSupportsIndirectInputEvents = YES;
				INFOPLIST_KEY_UILaunchStoryboardName = LaunchScreen;
				INFOPLIST_KEY_UISupportedInterfaceOrientations_iPad = "UIInterfaceOrientationPortrait UIInterfaceOrientationPortraitUpsideDown UIInterfaceOrientationLandscapeLeft UIInterfaceOrientationLandscapeRight";
				INFOPLIST_KEY_UISupportedInterfaceOrientations_iPhone = "UIInterfaceOrientationPortrait UIInterfaceOrientationLandscapeLeft UIInterfaceOrientationLandscapeRight";
				LD_RUNPATH_SEARCH_PATHS = (
					"$(inherited)",
					"@executable_path/Frameworks",
				);
				MARKETING_VERSION = 1.0;
				PRODUCT_BUNDLE_IDENTIFIER = jusansingularity.kz.DrawingApp;
				PRODUCT_NAME = "$(TARGET_NAME)";
				SWIFT_EMIT_LOC_STRINGS = YES;
				SWIFT_VERSION = 5.0;
				TARGETED_DEVICE_FAMILY = "1,2";
			};
			name = Debug;
		};
		061693D92993CF7200974DA9 /* Release */ = {
			isa = XCBuildConfiguration;
			buildSettings = {
				ASSETCATALOG_COMPILER_APPICON_NAME = AppIcon;
				ASSETCATALOG_COMPILER_GLOBAL_ACCENT_COLOR_NAME = AccentColor;
				CODE_SIGN_STYLE = Automatic;
				CURRENT_PROJECT_VERSION = 1;
				DEVELOPMENT_TEAM = PD2C9D7H2A;
				GENERATE_INFOPLIST_FILE = YES;
				INFOPLIST_FILE = DrawingApp/SupportingFiles/Info.plist;
				INFOPLIST_KEY_UIApplicationSupportsIndirectInputEvents = YES;
				INFOPLIST_KEY_UILaunchStoryboardName = LaunchScreen;
				INFOPLIST_KEY_UISupportedInterfaceOrientations_iPad = "UIInterfaceOrientationPortrait UIInterfaceOrientationPortraitUpsideDown UIInterfaceOrientationLandscapeLeft UIInterfaceOrientationLandscapeRight";
				INFOPLIST_KEY_UISupportedInterfaceOrientations_iPhone = "UIInterfaceOrientationPortrait UIInterfaceOrientationLandscapeLeft UIInterfaceOrientationLandscapeRight";
				LD_RUNPATH_SEARCH_PATHS = (
					"$(inherited)",
					"@executable_path/Frameworks",
				);
				MARKETING_VERSION = 1.0;
				PRODUCT_BUNDLE_IDENTIFIER = jusansingularity.kz.DrawingApp;
				PRODUCT_NAME = "$(TARGET_NAME)";
				SWIFT_EMIT_LOC_STRINGS = YES;
				SWIFT_VERSION = 5.0;
				TARGETED_DEVICE_FAMILY = "1,2";
			};
			name = Release;
		};
/* End XCBuildConfiguration section */

/* Begin XCConfigurationList section */
		061693BE2993CF7000974DA9 /* Build configuration list for PBXProject "DrawingApp" */ = {
			isa = XCConfigurationList;
			buildConfigurations = (
				061693D52993CF7200974DA9 /* Debug */,
				061693D62993CF7200974DA9 /* Release */,
			);
			defaultConfigurationIsVisible = 0;
			defaultConfigurationName = Release;
		};
		061693D72993CF7200974DA9 /* Build configuration list for PBXNativeTarget "DrawingApp" */ = {
			isa = XCConfigurationList;
			buildConfigurations = (
				061693D82993CF7200974DA9 /* Debug */,
				061693D92993CF7200974DA9 /* Release */,
			);
			defaultConfigurationIsVisible = 0;
			defaultConfigurationName = Release;
		};
/* End XCConfigurationList section */
	};
	rootObject = 061693BB2993CF7000974DA9 /* Project object */;
}
